{
  "name": "frontend",
  "version": "0.1.0",
  "dependencies": {
    "asap": {
      "version": "2.0.5",
      "from": "asap@>=2.0.3 <2.1.0",
      "resolved": "https://registry.npmjs.org/asap/-/asap-2.0.5.tgz"
    },
    "babel-runtime": {
      "version": "6.23.0",
      "from": "babel-runtime@>=6.20.0 <7.0.0",
      "resolved": "https://registry.npmjs.org/babel-runtime/-/babel-runtime-6.23.0.tgz",
      "dependencies": {
        "core-js": {
          "version": "2.4.1",
          "from": "core-js@>=2.4.0 <3.0.0",
          "resolved": "https://registry.npmjs.org/core-js/-/core-js-2.4.1.tgz"
        }
      }
    },
    "balanced-match": {
      "version": "0.4.2",
      "from": "balanced-match@>=0.4.1 <0.5.0",
      "resolved": "https://registry.npmjs.org/balanced-match/-/balanced-match-0.4.2.tgz"
    },
    "bootstrap": {
      "version": "3.3.7",
      "from": "bootstrap@>=3.0.0 <4.0.0",
      "resolved": "https://registry.npmjs.org/bootstrap/-/bootstrap-3.3.7.tgz"
    },
    "chain-function": {
      "version": "1.0.0",
      "from": "chain-function@>=1.0.0 <2.0.0",
      "resolved": "https://registry.npmjs.org/chain-function/-/chain-function-1.0.0.tgz"
    },
    "classnames": {
      "version": "2.2.5",
      "from": "classnames@>=2.2.5 <3.0.0",
      "resolved": "https://registry.npmjs.org/classnames/-/classnames-2.2.5.tgz"
    },
    "core-js": {
      "version": "1.2.7",
      "from": "core-js@>=1.0.0 <2.0.0",
      "resolved": "https://registry.npmjs.org/core-js/-/core-js-1.2.7.tgz"
    },
    "d3-array": {
      "version": "1.2.0",
      "from": "d3-array@>=1.0.0 <2.0.0",
      "resolved": "https://registry.npmjs.org/d3-array/-/d3-array-1.2.0.tgz"
    },
    "d3-collection": {
      "version": "1.0.3",
      "from": "d3-collection@>=1.0.0 <2.0.0",
      "resolved": "https://registry.npmjs.org/d3-collection/-/d3-collection-1.0.3.tgz"
    },
    "d3-color": {
      "version": "1.0.3",
      "from": "d3-color@>=1.0.0 <2.0.0",
      "resolved": "https://registry.npmjs.org/d3-color/-/d3-color-1.0.3.tgz"
    },
    "d3-format": {
      "version": "1.2.0",
      "from": "d3-format@>=1.0.0 <2.0.0",
      "resolved": "https://registry.npmjs.org/d3-format/-/d3-format-1.2.0.tgz"
    },
    "d3-interpolate": {
      "version": "1.1.4",
      "from": "d3-interpolate@>=1.0.0 <2.0.0",
      "resolved": "https://registry.npmjs.org/d3-interpolate/-/d3-interpolate-1.1.4.tgz"
    },
    "d3-path": {
      "version": "1.0.5",
      "from": "d3-path@>=1.0.0 <2.0.0",
      "resolved": "https://registry.npmjs.org/d3-path/-/d3-path-1.0.5.tgz"
    },
    "d3-scale": {
      "version": "1.0.4",
      "from": "d3-scale@1.0.4",
      "resolved": "https://registry.npmjs.org/d3-scale/-/d3-scale-1.0.4.tgz"
    },
    "d3-shape": {
      "version": "1.0.4",
      "from": "d3-shape@1.0.4",
      "resolved": "https://registry.npmjs.org/d3-shape/-/d3-shape-1.0.4.tgz"
    },
    "d3-time": {
      "version": "1.0.6",
      "from": "d3-time@>=1.0.0 <2.0.0",
      "resolved": "https://registry.npmjs.org/d3-time/-/d3-time-1.0.6.tgz"
    },
    "d3-time-format": {
      "version": "2.0.5",
      "from": "d3-time-format@>=2.0.0 <3.0.0",
      "resolved": "https://registry.npmjs.org/d3-time-format/-/d3-time-format-2.0.5.tgz"
    },
    "dom-helpers": {
      "version": "3.2.1",
      "from": "dom-helpers@>=3.2.0 <4.0.0",
      "resolved": "https://registry.npmjs.org/dom-helpers/-/dom-helpers-3.2.1.tgz"
    },
    "encoding": {
      "version": "0.1.12",
      "from": "encoding@>=0.1.11 <0.2.0",
      "resolved": "https://registry.npmjs.org/encoding/-/encoding-0.1.12.tgz"
    },
    "fbjs": {
      "version": "0.8.12",
      "from": "fbjs@>=0.8.4 <0.9.0",
      "resolved": "https://registry.npmjs.org/fbjs/-/fbjs-0.8.12.tgz"
    },
    "font-awesome": {
      "version": "4.7.0",
      "from": "font-awesome@latest",
      "resolved": "https://registry.npmjs.org/font-awesome/-/font-awesome-4.7.0.tgz"
    },
    "history": {
      "version": "4.6.1",
      "from": "history@>=4.5.1 <5.0.0",
      "resolved": "https://registry.npmjs.org/history/-/history-4.6.1.tgz"
    },
    "iconv-lite": {
      "version": "0.4.15",
      "from": "iconv-lite@>=0.4.13 <0.5.0",
      "resolved": "https://registry.npmjs.org/iconv-lite/-/iconv-lite-0.4.15.tgz"
    },
    "invariant": {
      "version": "2.2.2",
      "from": "invariant@>=2.2.0 <3.0.0",
      "resolved": "https://registry.npmjs.org/invariant/-/invariant-2.2.2.tgz"
    },
    "is-stream": {
      "version": "1.1.0",
      "from": "is-stream@>=1.0.1 <2.0.0",
      "resolved": "https://registry.npmjs.org/is-stream/-/is-stream-1.1.0.tgz"
    },
    "isomorphic-fetch": {
      "version": "2.2.1",
      "from": "isomorphic-fetch@>=2.1.1 <3.0.0",
      "resolved": "https://registry.npmjs.org/isomorphic-fetch/-/isomorphic-fetch-2.2.1.tgz"
    },
    "js-cookie": {
      "version": "2.1.4",
      "from": "js-cookie@latest",
      "resolved": "https://registry.npmjs.org/js-cookie/-/js-cookie-2.1.4.tgz"
    },
    "js-tokens": {
      "version": "3.0.1",
      "from": "js-tokens@>=3.0.0 <4.0.0",
      "resolved": "https://registry.npmjs.org/js-tokens/-/js-tokens-3.0.1.tgz"
    },
    "keycode": {
      "version": "2.1.8",
      "from": "keycode@>=2.1.2 <3.0.0",
      "resolved": "https://registry.npmjs.org/keycode/-/keycode-2.1.8.tgz"
    },
    "lodash": {
      "version": "4.17.4",
      "from": "lodash@>=4.2.0 <5.0.0",
      "resolved": "https://registry.npmjs.org/lodash/-/lodash-4.17.4.tgz"
    },
    "loose-envify": {
      "version": "1.3.1",
      "from": "loose-envify@>=1.1.0 <2.0.0",
      "resolved": "https://registry.npmjs.org/loose-envify/-/loose-envify-1.3.1.tgz"
    },
    "math-expression-evaluator": {
      "version": "1.2.16",
      "from": "math-expression-evaluator@>=1.2.14 <2.0.0",
      "resolved": "https://registry.npmjs.org/math-expression-evaluator/-/math-expression-evaluator-1.2.16.tgz"
    },
    "node-fetch": {
      "version": "1.6.3",
      "from": "node-fetch@>=1.0.1 <2.0.0",
      "resolved": "https://registry.npmjs.org/node-fetch/-/node-fetch-1.6.3.tgz"
    },
    "object-assign": {
      "version": "4.1.1",
      "from": "object-assign@>=4.1.0 <5.0.0",
      "resolved": "https://registry.npmjs.org/object-assign/-/object-assign-4.1.1.tgz"
    },
    "promise": {
      "version": "7.1.1",
      "from": "promise@>=7.1.1 <8.0.0",
      "resolved": "https://registry.npmjs.org/promise/-/promise-7.1.1.tgz"
    },
    "prop-types": {
      "version": "15.5.8",
      "from": "prop-types@>=15.5.7 <15.6.0",
      "resolved": "https://registry.npmjs.org/prop-types/-/prop-types-15.5.8.tgz"
    },
    "raf": {
      "version": "3.3.2",
      "from": "raf@>=3.2.0 <4.0.0",
      "resolved": "https://registry.npmjs.org/raf/-/raf-3.3.2.tgz",
      "dependencies": {
        "performance-now": {
          "version": "2.1.0",
          "from": "performance-now@>=2.1.0 <3.0.0",
          "resolved": "https://registry.npmjs.org/performance-now/-/performance-now-2.1.0.tgz"
        }
      }
    },
    "react": {
      "version": "15.4.2",
      "from": "react@>=15.4.2 <16.0.0",
      "resolved": "https://registry.npmjs.org/react/-/react-15.4.2.tgz"
    },
    "react-bootstrap": {
      "version": "0.30.8",
      "from": "react-bootstrap@latest",
      "resolved": "https://registry.npmjs.org/react-bootstrap/-/react-bootstrap-0.30.8.tgz"
    },
    "react-dom": {
      "version": "15.4.2",
      "from": "react-dom@>=15.4.2 <16.0.0",
      "resolved": "https://registry.npmjs.org/react-dom/-/react-dom-15.4.2.tgz"
    },
    "react-notification-system": {
      "version": "0.2.13",
      "from": "react-notification-system@latest",
      "resolved": "https://registry.npmjs.org/react-notification-system/-/react-notification-system-0.2.13.tgz"
    },
    "react-overlays": {
      "version": "0.6.12",
      "from": "react-overlays@>=0.6.12 <0.7.0",
      "resolved": "https://registry.npmjs.org/react-overlays/-/react-overlays-0.6.12.tgz"
    },
    "react-prop-types": {
      "version": "0.4.0",
      "from": "react-prop-types@>=0.4.0 <0.5.0",
      "resolved": "https://registry.npmjs.org/react-prop-types/-/react-prop-types-0.4.0.tgz"
    },
    "react-resize-detector": {
      "version": "0.4.1",
      "from": "react-resize-detector@0.4.1",
      "resolved": "https://registry.npmjs.org/react-resize-detector/-/react-resize-detector-0.4.1.tgz"
    },
    "react-router": {
      "version": "4.0.0",
      "from": "react-router@>=4.0.0 <5.0.0",
      "resolved": "https://registry.npmjs.org/react-router/-/react-router-4.0.0.tgz",
      "dependencies": {
        "isarray": {
          "version": "0.0.1",
          "from": "isarray@0.0.1",
          "resolved": "https://registry.npmjs.org/isarray/-/isarray-0.0.1.tgz"
        },
        "path-to-regexp": {
          "version": "1.7.0",
          "from": "path-to-regexp@>=1.5.3 <2.0.0",
          "resolved": "https://registry.npmjs.org/path-to-regexp/-/path-to-regexp-1.7.0.tgz"
        }
      }
    },
    "react-router-dom": {
      "version": "4.0.0",
      "from": "react-router-dom@latest",
      "resolved": "https://registry.npmjs.org/react-router-dom/-/react-router-dom-4.0.0.tgz"
    },
    "react-smooth": {
      "version": "0.3.0",
      "from": "react-smooth@0.3.0",
      "resolved": "https://registry.npmjs.org/react-smooth/-/react-smooth-0.3.0.tgz"
    },
    "react-transition-group": {
      "version": "1.1.3",
      "from": "react-transition-group@>=1.1.1 <2.0.0",
      "resolved": "https://registry.npmjs.org/react-transition-group/-/react-transition-group-1.1.3.tgz"
    },
    "recharts": {
      "version": "0.22.4",
      "from": "recharts@latest",
      "resolved": "https://registry.npmjs.org/recharts/-/recharts-0.22.4.tgz",
      "dependencies": {
        "core-js": {
          "version": "2.4.1",
          "from": "core-js@2.4.1",
          "resolved": "https://registry.npmjs.org/core-js/-/core-js-2.4.1.tgz"
        }
      }
    },
    "recharts-scale": {
      "version": "0.3.0",
      "from": "recharts-scale@0.3.0",
      "resolved": "https://registry.npmjs.org/recharts-scale/-/recharts-scale-0.3.0.tgz"
    },
    "reduce-css-calc": {
      "version": "1.3.0",
      "from": "reduce-css-calc@>=1.2.6 <2.0.0",
      "resolved": "https://registry.npmjs.org/reduce-css-calc/-/reduce-css-calc-1.3.0.tgz"
    },
    "reduce-function-call": {
      "version": "1.0.2",
      "from": "reduce-function-call@>=1.0.1 <2.0.0",
      "resolved": "https://registry.npmjs.org/reduce-function-call/-/reduce-function-call-1.0.2.tgz"
    },
    "regenerator-runtime": {
      "version": "0.10.3",
      "from": "regenerator-runtime@>=0.10.0 <0.11.0",
      "resolved": "https://registry.npmjs.org/regenerator-runtime/-/regenerator-runtime-0.10.3.tgz"
    },
    "resolve-pathname": {
      "version": "2.0.2",
      "from": "resolve-pathname@>=2.0.0 <3.0.0",
      "resolved": "https://registry.npmjs.org/resolve-pathname/-/resolve-pathname-2.0.2.tgz"
    },
    "setimmediate": {
      "version": "1.0.5",
      "from": "setimmediate@>=1.0.5 <2.0.0",
      "resolved": "https://registry.npmjs.org/setimmediate/-/setimmediate-1.0.5.tgz"
    },
    "ua-parser-js": {
      "version": "0.7.12",
      "from": "ua-parser-js@>=0.7.9 <0.8.0",
      "resolved": "https://registry.npmjs.org/ua-parser-js/-/ua-parser-js-0.7.12.tgz"
    },
    "uncontrollable": {
      "version": "4.0.3",
      "from": "uncontrollable@>=4.0.1 <5.0.0",
      "resolved": "https://registry.npmjs.org/uncontrollable/-/uncontrollable-4.0.3.tgz"
    },
    "value-equal": {
      "version": "0.2.0",
      "from": "value-equal@>=0.2.0 <0.3.0",
      "resolved": "https://registry.npmjs.org/value-equal/-/value-equal-0.2.0.tgz"
    },
    "warning": {
      "version": "3.0.0",
      "from": "warning@>=3.0.0 <4.0.0",
      "resolved": "https://registry.npmjs.org/warning/-/warning-3.0.0.tgz"
    },
    "whatwg-fetch": {
      "version": "2.0.3",
      "from": "whatwg-fetch@latest",
      "resolved": "https://registry.npmjs.org/whatwg-fetch/-/whatwg-fetch-2.0.3.tgz"
    }
  }
}
